
Microsoft Visual Studio Solution File, Format Version 12.00
# Visual Studio 15
VisualStudioVersion = 15.0.28010.2026
MinimumVisualStudioVersion = 10.0.40219.1
Project("{FAE04EC0-301F-11D3-BF4B-00C04F79EFBC}") = "Labsheet4", "Labsheet4\Labsheet4.csproj", "{A8715017-DCDD-4AE2-8364-C0E434C22A05}"
EndProject
Project("{FAE04EC0-301F-11D3-BF4B-00C04F79EFBC}") = "storeManagerCashregister", "storeManagerCashregister\storeManagerCashregister.csproj", "{3E792302-C9B5-40E1-B042-24A3366C30FD}"
EndProject
Global
	GlobalSection(SolutionConfigurationPlatforms) = preSolution
		Debug|Any CPU = Debug|Any CPU
		Release|Any CPU = Release|Any CPU
	EndGlobalSection
	GlobalSection(ProjectConfigurationPlatforms) = postSolution
		{A8715017-DCDD-4AE2-8364-C0E434C22A05}.Debug|Any CPU.ActiveCfg = Debug|Any CPU
		{A8715017-DCDD-4AE2-8364-C0E434C22A05}.Debug|Any CPU.Build.0 = Debug|Any CPU
		{A8715017-DCDD-4AE2-8364-C0E434C22A05}.Release|Any CPU.ActiveCfg = Release|Any CPU
		{A8715017-DCDD-4AE2-8364-C0E434C22A05}.Release|Any CPU.Build.0 = Release|Any CPU
		{3E792302-C9B5-40E1-B042-24A3366C30FD}.Debug|Any CPU.ActiveCfg = Debug|Any CPU
		{3E792302-C9B5-40E1-B042-24A3366C30FD}.Debug|Any CPU.Build.0 = Debug|Any CPU
		{3E792302-C9B5-40E1-B042-24A3366C30FD}.Release|Any CPU.ActiveCfg = Release|Any CPU
		{3E792302-C9B5-40E1-B042-24A3366C30FD}.Release|Any CPU.Build.0 = Release|Any CPU
	EndGlobalSection
	GlobalSection(SolutionProperties) = preSolution
		HideSolutionNode = FALSE
	EndGlobalSection
	GlobalSection(ExtensibilityGlobals) = postSolution
		SolutionGuid = {2BFE1CD6-5CE3-4233-A81B-AADCF9EF8EA1}
	EndGlobalSection
EndGlobal
